
Microsoft Visual Studio Solution File, Format Version 12.00
# Visual Studio Version 17
VisualStudioVersion = 17.3.32811.315
MinimumVisualStudioVersion = 10.0.40219.1
Project("{FAE04EC0-301F-11D3-BF4B-00C04F79EFBC}") = "Lista3", "Lista3\Lista3.csproj", "{F27EE21D-5156-44B3-8486-726A266564ED}"
EndProject
Global
	GlobalSection(SolutionConfigurationPlatforms) = preSolution
		Debug|Any CPU = Debug|Any CPU
		Release|Any CPU = Release|Any CPU
	EndGlobalSection
	GlobalSection(ProjectConfigurationPlatforms) = postSolution
		{F27EE21D-5156-44B3-8486-726A266564ED}.Debug|Any CPU.ActiveCfg = Debug|Any CPU
		{F27EE21D-5156-44B3-8486-726A266564ED}.Debug|Any CPU.Build.0 = Debug|Any CPU
		{F27EE21D-5156-44B3-8486-726A266564ED}.Release|Any CPU.ActiveCfg = Release|Any CPU
		{F27EE21D-5156-44B3-8486-726A266564ED}.Release|Any CPU.Build.0 = Release|Any CPU
	EndGlobalSection
	GlobalSection(SolutionProperties) = preSolution
		HideSolutionNode = FALSE
	EndGlobalSection
	GlobalSection(ExtensibilityGlobals) = postSolution
		SolutionGuid = {800CDF28-872A-4D1F-AD27-FF3BC1EA068C}
	EndGlobalSection
EndGlobal
